
Microsoft Visual Studio Solution File, Format Version 12.00
# Visual Studio 15
VisualStudioVersion = 15.0.28307.489
MinimumVisualStudioVersion = 10.0.40219.1
Project("{9A19103F-16F7-4668-BE54-9A1E7A4F7556}") = "Metoda2_eX1", "Metoda2_pract1\Metoda2_eX1.csproj", "{B869B53D-E1D5-4C4D-A9D8-83281213CA31}"
EndProject
Project("{9A19103F-16F7-4668-BE54-9A1E7A4F7556}") = "Metoda2_eX2", "Metoda2_eX2\Metoda2_eX2.csproj", "{653D9DA8-D787-43BB-811C-ED2F85DBA4F7}"
EndProject
Project("{9A19103F-16F7-4668-BE54-9A1E7A4F7556}") = "Metoda2_eX3", "Metoda2_eX3\Metoda2_eX3.csproj", "{468E2ECB-EC9A-4DAE-9602-3BD4C822FB7F}"
EndProject
Project("{9A19103F-16F7-4668-BE54-9A1E7A4F7556}") = "Metoda2_eX4", "Metoda2_eX4\Metoda2_eX4.csproj", "{24E2C83A-6A63-4760-A5C1-C6B46DBB3053}"
EndProject
Project("{9A19103F-16F7-4668-BE54-9A1E7A4F7556}") = "Metoda2_eX5", "Metoda2_eX5\Metoda2_eX5.csproj", "{8C6A327E-C414-49D4-8F87-FCE1C57CC8DB}"
EndProject
Project("{9A19103F-16F7-4668-BE54-9A1E7A4F7556}") = "Metoda2_eX6", "Metoda2_eX6\Metoda2_eX6.csproj", "{86851FA8-3B9D-4BF2-9159-FFD0C417F227}"
EndProject
Project("{9A19103F-16F7-4668-BE54-9A1E7A4F7556}") = "Metoda2_eX7", "Metoda2_eX7\Metoda2_eX7.csproj", "{C7A4274C-7670-4B62-BF06-B4DC7BA11DD6}"
EndProject
Project("{9A19103F-16F7-4668-BE54-9A1E7A4F7556}") = "Metoda2_eX8", "Metoda2_eX8\Metoda2_eX8.csproj", "{336D8046-BF7D-40FD-BFFE-FD34E4084B26}"
EndProject
Project("{9A19103F-16F7-4668-BE54-9A1E7A4F7556}") = "Metoda2_eX9", "Metoda2_eX9\Metoda2_eX9.csproj", "{B34438DB-767A-4F63-8387-5469E9ADA56B}"
EndProject
Project("{9A19103F-16F7-4668-BE54-9A1E7A4F7556}") = "Metoda2_eX10", "Metoda2_eX10\Metoda2_eX10.csproj", "{3C30391B-98F6-41A7-8F48-9F9ECA59FD26}"
EndProject
Project("{9A19103F-16F7-4668-BE54-9A1E7A4F7556}") = "Metoda2_CW1", "Metoda2_CW1\Metoda2_CW1.csproj", "{EEB7EDD0-A302-418E-A9CF-00A78F8149E5}"
EndProject
Project("{9A19103F-16F7-4668-BE54-9A1E7A4F7556}") = "Metoda2_CW2", "Metoda2_CW2\Metoda2_CW2.csproj", "{EB28D3A2-F0FE-4DB5-9674-FDF6DF123980}"
EndProject
Project("{9A19103F-16F7-4668-BE54-9A1E7A4F7556}") = "Metoda2_CW3", "Metoda2_CW3\Metoda2_CW3.csproj", "{8A06C9C2-3434-4BDB-89E7-C3D9B81BE26B}"
EndProject
Project("{9A19103F-16F7-4668-BE54-9A1E7A4F7556}") = "Metoda2_CW4", "Metoda2_CW4\Metoda2_CW4.csproj", "{1BE90886-6629-4EDF-B66B-9D712CF5B2D1}"
EndProject
Project("{9A19103F-16F7-4668-BE54-9A1E7A4F7556}") = "Metoda2_CW5", "Metoda2_CW5\Metoda2_CW5.csproj", "{3CA6106F-1278-4A20-A159-7E054C58539B}"
EndProject
Project("{9A19103F-16F7-4668-BE54-9A1E7A4F7556}") = "Metoda2_CW6", "Metoda2_CW6\Metoda2_CW6.csproj", "{B860EDC7-5F0F-4A9B-B1D4-98E0FF135306}"
EndProject
Project("{9A19103F-16F7-4668-BE54-9A1E7A4F7556}") = "Metoda2_CW6_1", "Metoda2_CW6_1\Metoda2_CW6_1.csproj", "{D46D8C86-9711-4A03-85E9-2341DB19F4F2}"
EndProject
Project("{9A19103F-16F7-4668-BE54-9A1E7A4F7556}") = "Metoda2_CW7", "Metoda2_CW7\Metoda2_CW7.csproj", "{18AF781B-EF08-4177-AF55-C2F21E7E59BF}"
EndProject
Project("{9A19103F-16F7-4668-BE54-9A1E7A4F7556}") = "Metoda2_CW7_1", "Metoda2_CW7_1\Metoda2_CW7_1.csproj", "{C1C330DD-7459-4FB7-9651-085CDD503398}"
EndProject
Project("{9A19103F-16F7-4668-BE54-9A1E7A4F7556}") = "Metoda2_CW8", "Metoda2_CW8\Metoda2_CW8.csproj", "{36EFF651-256B-4952-9987-5BE577BBF03A}"
EndProject
Project("{9A19103F-16F7-4668-BE54-9A1E7A4F7556}") = "Metoda2_HW1", "Metoda2_HW1\Metoda2_HW1.csproj", "{0A8FCFBD-93C7-45C8-86B1-4862DCBEB502}"
EndProject
Project("{9A19103F-16F7-4668-BE54-9A1E7A4F7556}") = "Metoda2_HW3", "Metoda2_HW3\Metoda2_HW3.csproj", "{AEDDB217-AF1A-4D7C-895B-E1D2A0135D7D}"
EndProject
Project("{9A19103F-16F7-4668-BE54-9A1E7A4F7556}") = "Metoda2_HW4", "Metoda2_HW4\Metoda2_HW4.csproj", "{8FD18C50-B1D3-4351-B071-9B404A3D32A6}"
EndProject
Project("{9A19103F-16F7-4668-BE54-9A1E7A4F7556}") = "Metoda2_HW5", "Metoda2_HW5\Metoda2_HW5.csproj", "{AE5F0F8F-6E06-4580-8DDD-E4DFB3C50D8D}"
EndProject
Project("{FAE04EC0-301F-11D3-BF4B-00C04F79EFBC}") = "Metoda2_HW6", "Metoda2_HW6\Metoda2_HW6.csproj", "{C30CE237-DDE9-4A82-9705-650E8D1586D4}"
EndProject
Project("{FAE04EC0-301F-11D3-BF4B-00C04F79EFBC}") = "Metoda2_HW7", "Metoda2_HW7\Metoda2_HW7.csproj", "{A35197C9-63C5-4EE0-B5E9-9FC4483C6B5C}"
EndProject
Global
	GlobalSection(SolutionConfigurationPlatforms) = preSolution
		Debug|Any CPU = Debug|Any CPU
		Release|Any CPU = Release|Any CPU
	EndGlobalSection
	GlobalSection(ProjectConfigurationPlatforms) = postSolution
		{B869B53D-E1D5-4C4D-A9D8-83281213CA31}.Debug|Any CPU.ActiveCfg = Debug|Any CPU
		{B869B53D-E1D5-4C4D-A9D8-83281213CA31}.Debug|Any CPU.Build.0 = Debug|Any CPU
		{B869B53D-E1D5-4C4D-A9D8-83281213CA31}.Release|Any CPU.ActiveCfg = Release|Any CPU
		{B869B53D-E1D5-4C4D-A9D8-83281213CA31}.Release|Any CPU.Build.0 = Release|Any CPU
		{653D9DA8-D787-43BB-811C-ED2F85DBA4F7}.Debug|Any CPU.ActiveCfg = Debug|Any CPU
		{653D9DA8-D787-43BB-811C-ED2F85DBA4F7}.Debug|Any CPU.Build.0 = Debug|Any CPU
		{653D9DA8-D787-43BB-811C-ED2F85DBA4F7}.Release|Any CPU.ActiveCfg = Release|Any CPU
		{653D9DA8-D787-43BB-811C-ED2F85DBA4F7}.Release|Any CPU.Build.0 = Release|Any CPU
		{468E2ECB-EC9A-4DAE-9602-3BD4C822FB7F}.Debug|Any CPU.ActiveCfg = Debug|Any CPU
		{468E2ECB-EC9A-4DAE-9602-3BD4C822FB7F}.Debug|Any CPU.Build.0 = Debug|Any CPU
		{468E2ECB-EC9A-4DAE-9602-3BD4C822FB7F}.Release|Any CPU.ActiveCfg = Release|Any CPU
		{468E2ECB-EC9A-4DAE-9602-3BD4C822FB7F}.Release|Any CPU.Build.0 = Release|Any CPU
		{24E2C83A-6A63-4760-A5C1-C6B46DBB3053}.Debug|Any CPU.ActiveCfg = Debug|Any CPU
		{24E2C83A-6A63-4760-A5C1-C6B46DBB3053}.Debug|Any CPU.Build.0 = Debug|Any CPU
		{24E2C83A-6A63-4760-A5C1-C6B46DBB3053}.Release|Any CPU.ActiveCfg = Release|Any CPU
		{24E2C83A-6A63-4760-A5C1-C6B46DBB3053}.Release|Any CPU.Build.0 = Release|Any CPU
		{8C6A327E-C414-49D4-8F87-FCE1C57CC8DB}.Debug|Any CPU.ActiveCfg = Debug|Any CPU
		{8C6A327E-C414-49D4-8F87-FCE1C57CC8DB}.Debug|Any CPU.Build.0 = Debug|Any CPU
		{8C6A327E-C414-49D4-8F87-FCE1C57CC8DB}.Release|Any CPU.ActiveCfg = Release|Any CPU
		{8C6A327E-C414-49D4-8F87-FCE1C57CC8DB}.Release|Any CPU.Build.0 = Release|Any CPU
		{86851FA8-3B9D-4BF2-9159-FFD0C417F227}.Debug|Any CPU.ActiveCfg = Debug|Any CPU
		{86851FA8-3B9D-4BF2-9159-FFD0C417F227}.Debug|Any CPU.Build.0 = Debug|Any CPU
		{86851FA8-3B9D-4BF2-9159-FFD0C417F227}.Release|Any CPU.ActiveCfg = Release|Any CPU
		{86851FA8-3B9D-4BF2-9159-FFD0C417F227}.Release|Any CPU.Build.0 = Release|Any CPU
		{C7A4274C-7670-4B62-BF06-B4DC7BA11DD6}.Debug|Any CPU.ActiveCfg = Debug|Any CPU
		{C7A4274C-7670-4B62-BF06-B4DC7BA11DD6}.Debug|Any CPU.Build.0 = Debug|Any CPU
		{C7A4274C-7670-4B62-BF06-B4DC7BA11DD6}.Release|Any CPU.ActiveCfg = Release|Any CPU
		{C7A4274C-7670-4B62-BF06-B4DC7BA11DD6}.Release|Any CPU.Build.0 = Release|Any CPU
		{336D8046-BF7D-40FD-BFFE-FD34E4084B26}.Debug|Any CPU.ActiveCfg = Debug|Any CPU
		{336D8046-BF7D-40FD-BFFE-FD34E4084B26}.Debug|Any CPU.Build.0 = Debug|Any CPU
		{336D8046-BF7D-40FD-BFFE-FD34E4084B26}.Release|Any CPU.ActiveCfg = Release|Any CPU
		{336D8046-BF7D-40FD-BFFE-FD34E4084B26}.Release|Any CPU.Build.0 = Release|Any CPU
		{B34438DB-767A-4F63-8387-5469E9ADA56B}.Debug|Any CPU.ActiveCfg = Debug|Any CPU
		{B34438DB-767A-4F63-8387-5469E9ADA56B}.Debug|Any CPU.Build.0 = Debug|Any CPU
		{B34438DB-767A-4F63-8387-5469E9ADA56B}.Release|Any CPU.ActiveCfg = Release|Any CPU
		{B34438DB-767A-4F63-8387-5469E9ADA56B}.Release|Any CPU.Build.0 = Release|Any CPU
		{3C30391B-98F6-41A7-8F48-9F9ECA59FD26}.Debug|Any CPU.ActiveCfg = Debug|Any CPU
		{3C30391B-98F6-41A7-8F48-9F9ECA59FD26}.Debug|Any CPU.Build.0 = Debug|Any CPU
		{3C30391B-98F6-41A7-8F48-9F9ECA59FD26}.Release|Any CPU.ActiveCfg = Release|Any CPU
		{3C30391B-98F6-41A7-8F48-9F9ECA59FD26}.Release|Any CPU.Build.0 = Release|Any CPU
		{EEB7EDD0-A302-418E-A9CF-00A78F8149E5}.Debug|Any CPU.ActiveCfg = Debug|Any CPU
		{EEB7EDD0-A302-418E-A9CF-00A78F8149E5}.Debug|Any CPU.Build.0 = Debug|Any CPU
		{EEB7EDD0-A302-418E-A9CF-00A78F8149E5}.Release|Any CPU.ActiveCfg = Release|Any CPU
		{EEB7EDD0-A302-418E-A9CF-00A78F8149E5}.Release|Any CPU.Build.0 = Release|Any CPU
		{EB28D3A2-F0FE-4DB5-9674-FDF6DF123980}.Debug|Any CPU.ActiveCfg = Debug|Any CPU
		{EB28D3A2-F0FE-4DB5-9674-FDF6DF123980}.Debug|Any CPU.Build.0 = Debug|Any CPU
		{EB28D3A2-F0FE-4DB5-9674-FDF6DF123980}.Release|Any CPU.ActiveCfg = Release|Any CPU
		{EB28D3A2-F0FE-4DB5-9674-FDF6DF123980}.Release|Any CPU.Build.0 = Release|Any CPU
		{8A06C9C2-3434-4BDB-89E7-C3D9B81BE26B}.Debug|Any CPU.ActiveCfg = Debug|Any CPU
		{8A06C9C2-3434-4BDB-89E7-C3D9B81BE26B}.Debug|Any CPU.Build.0 = Debug|Any CPU
		{8A06C9C2-3434-4BDB-89E7-C3D9B81BE26B}.Release|Any CPU.ActiveCfg = Release|Any CPU
		{8A06C9C2-3434-4BDB-89E7-C3D9B81BE26B}.Release|Any CPU.Build.0 = Release|Any CPU
		{1BE90886-6629-4EDF-B66B-9D712CF5B2D1}.Debug|Any CPU.ActiveCfg = Debug|Any CPU
		{1BE90886-6629-4EDF-B66B-9D712CF5B2D1}.Debug|Any CPU.Build.0 = Debug|Any CPU
		{1BE90886-6629-4EDF-B66B-9D712CF5B2D1}.Release|Any CPU.ActiveCfg = Release|Any CPU
		{1BE90886-6629-4EDF-B66B-9D712CF5B2D1}.Release|Any CPU.Build.0 = Release|Any CPU
		{3CA6106F-1278-4A20-A159-7E054C58539B}.Debug|Any CPU.ActiveCfg = Debug|Any CPU
		{3CA6106F-1278-4A20-A159-7E054C58539B}.Debug|Any CPU.Build.0 = Debug|Any CPU
		{3CA6106F-1278-4A20-A159-7E054C58539B}.Release|Any CPU.ActiveCfg = Release|Any CPU
		{3CA6106F-1278-4A20-A159-7E054C58539B}.Release|Any CPU.Build.0 = Release|Any CPU
		{B860EDC7-5F0F-4A9B-B1D4-98E0FF135306}.Debug|Any CPU.ActiveCfg = Debug|Any CPU
		{B860EDC7-5F0F-4A9B-B1D4-98E0FF135306}.Debug|Any CPU.Build.0 = Debug|Any CPU
		{B860EDC7-5F0F-4A9B-B1D4-98E0FF135306}.Release|Any CPU.ActiveCfg = Release|Any CPU
		{B860EDC7-5F0F-4A9B-B1D4-98E0FF135306}.Release|Any CPU.Build.0 = Release|Any CPU
		{D46D8C86-9711-4A03-85E9-2341DB19F4F2}.Debug|Any CPU.ActiveCfg = Debug|Any CPU
		{D46D8C86-9711-4A03-85E9-2341DB19F4F2}.Debug|Any CPU.Build.0 = Debug|Any CPU
		{D46D8C86-9711-4A03-85E9-2341DB19F4F2}.Release|Any CPU.ActiveCfg = Release|Any CPU
		{D46D8C86-9711-4A03-85E9-2341DB19F4F2}.Release|Any CPU.Build.0 = Release|Any CPU
		{18AF781B-EF08-4177-AF55-C2F21E7E59BF}.Debug|Any CPU.ActiveCfg = Debug|Any CPU
		{18AF781B-EF08-4177-AF55-C2F21E7E59BF}.Debug|Any CPU.Build.0 = Debug|Any CPU
		{18AF781B-EF08-4177-AF55-C2F21E7E59BF}.Release|Any CPU.ActiveCfg = Release|Any CPU
		{18AF781B-EF08-4177-AF55-C2F21E7E59BF}.Release|Any CPU.Build.0 = Release|Any CPU
		{C1C330DD-7459-4FB7-9651-085CDD503398}.Debug|Any CPU.ActiveCfg = Debug|Any CPU
		{C1C330DD-7459-4FB7-9651-085CDD503398}.Debug|Any CPU.Build.0 = Debug|Any CPU
		{C1C330DD-7459-4FB7-9651-085CDD503398}.Release|Any CPU.ActiveCfg = Release|Any CPU
		{C1C330DD-7459-4FB7-9651-085CDD503398}.Release|Any CPU.Build.0 = Release|Any CPU
		{36EFF651-256B-4952-9987-5BE577BBF03A}.Debug|Any CPU.ActiveCfg = Debug|Any CPU
		{36EFF651-256B-4952-9987-5BE577BBF03A}.Debug|Any CPU.Build.0 = Debug|Any CPU
		{36EFF651-256B-4952-9987-5BE577BBF03A}.Release|Any CPU.ActiveCfg = Release|Any CPU
		{36EFF651-256B-4952-9987-5BE577BBF03A}.Release|Any CPU.Build.0 = Release|Any CPU
		{0A8FCFBD-93C7-45C8-86B1-4862DCBEB502}.Debug|Any CPU.ActiveCfg = Debug|Any CPU
		{0A8FCFBD-93C7-45C8-86B1-4862DCBEB502}.Debug|Any CPU.Build.0 = Debug|Any CPU
		{0A8FCFBD-93C7-45C8-86B1-4862DCBEB502}.Release|Any CPU.ActiveCfg = Release|Any CPU
		{0A8FCFBD-93C7-45C8-86B1-4862DCBEB502}.Release|Any CPU.Build.0 = Release|Any CPU
		{AEDDB217-AF1A-4D7C-895B-E1D2A0135D7D}.Debug|Any CPU.ActiveCfg = Debug|Any CPU
		{AEDDB217-AF1A-4D7C-895B-E1D2A0135D7D}.Debug|Any CPU.Build.0 = Debug|Any CPU
		{AEDDB217-AF1A-4D7C-895B-E1D2A0135D7D}.Release|Any CPU.ActiveCfg = Release|Any CPU
		{AEDDB217-AF1A-4D7C-895B-E1D2A0135D7D}.Release|Any CPU.Build.0 = Release|Any CPU
		{8FD18C50-B1D3-4351-B071-9B404A3D32A6}.Debug|Any CPU.ActiveCfg = Debug|Any CPU
		{8FD18C50-B1D3-4351-B071-9B404A3D32A6}.Debug|Any CPU.Build.0 = Debug|Any CPU
		{8FD18C50-B1D3-4351-B071-9B404A3D32A6}.Release|Any CPU.ActiveCfg = Release|Any CPU
		{8FD18C50-B1D3-4351-B071-9B404A3D32A6}.Release|Any CPU.Build.0 = Release|Any CPU
		{AE5F0F8F-6E06-4580-8DDD-E4DFB3C50D8D}.Debug|Any CPU.ActiveCfg = Debug|Any CPU
		{AE5F0F8F-6E06-4580-8DDD-E4DFB3C50D8D}.Debug|Any CPU.Build.0 = Debug|Any CPU
		{AE5F0F8F-6E06-4580-8DDD-E4DFB3C50D8D}.Release|Any CPU.ActiveCfg = Release|Any CPU
		{AE5F0F8F-6E06-4580-8DDD-E4DFB3C50D8D}.Release|Any CPU.Build.0 = Release|Any CPU
		{C30CE237-DDE9-4A82-9705-650E8D1586D4}.Debug|Any CPU.ActiveCfg = Debug|Any CPU
		{C30CE237-DDE9-4A82-9705-650E8D1586D4}.Debug|Any CPU.Build.0 = Debug|Any CPU
		{C30CE237-DDE9-4A82-9705-650E8D1586D4}.Release|Any CPU.ActiveCfg = Release|Any CPU
		{C30CE237-DDE9-4A82-9705-650E8D1586D4}.Release|Any CPU.Build.0 = Release|Any CPU
		{A35197C9-63C5-4EE0-B5E9-9FC4483C6B5C}.Debug|Any CPU.ActiveCfg = Debug|Any CPU
		{A35197C9-63C5-4EE0-B5E9-9FC4483C6B5C}.Debug|Any CPU.Build.0 = Debug|Any CPU
		{A35197C9-63C5-4EE0-B5E9-9FC4483C6B5C}.Release|Any CPU.ActiveCfg = Release|Any CPU
		{A35197C9-63C5-4EE0-B5E9-9FC4483C6B5C}.Release|Any CPU.Build.0 = Release|Any CPU
	EndGlobalSection
	GlobalSection(SolutionProperties) = preSolution
		HideSolutionNode = FALSE
	EndGlobalSection
	GlobalSection(ExtensibilityGlobals) = postSolution
		SolutionGuid = {08ED6196-2DA0-4814-A207-83A03430249A}
	EndGlobalSection
EndGlobal
